
Microsoft Visual Studio Solution File, Format Version 12.00
# Visual Studio Version 17
VisualStudioVersion = 17.0.31903.59
MinimumVisualStudioVersion = 10.0.40219.1
Project("{FAE04EC0-301F-11D3-BF4B-00C04F79EFBC}") = "BMI_CALC", "BMI_CALC\BMI_CALC.csproj", "{A4C89F69-747D-4D11-91BC-62D34E820FB2}"
EndProject
Project("{FAE04EC0-301F-11D3-BF4B-00C04F79EFBC}") = "Program", "Program\Program.csproj", "{5EB7302C-5BD2-48DB-A64B-E3E3A921A7C3}"
EndProject
Project("{FAE04EC0-301F-11D3-BF4B-00C04F79EFBC}") = "Zadanie_2.1", "Zadanie_2.1\Zadanie_2.1.csproj", "{746FFCAD-0B8E-40D9-9281-A670CC4E0F90}"
EndProject
Project("{FAE04EC0-301F-11D3-BF4B-00C04F79EFBC}") = "Zadanie_2.2", "Zadanie_2.2\Zadanie_2.2.csproj", "{BA96E731-F496-4183-983E-4D00E66F2B42}"
EndProject
Project("{FAE04EC0-301F-11D3-BF4B-00C04F79EFBC}") = "Zadanie_2.3", "Zadanie_2.3\Zadanie_2.3.csproj", "{1DA51EA2-766E-4357-ABDA-5630E8177520}"
EndProject
Project("{FAE04EC0-301F-11D3-BF4B-00C04F79EFBC}") = "Zadanie_2.4", "Zadanie_2.4\Zadanie_2.4.csproj", "{708B6DFC-230F-41E4-8D97-9035AC89104E}"
EndProject
Project("{FAE04EC0-301F-11D3-BF4B-00C04F79EFBC}") = "Zadanie_2.5", "Zadanie_2.5\Zadanie_2.5.csproj", "{F5C0C081-4C27-46F7-A09B-8BCD16BD0102}"
EndProject
Project("{FAE04EC0-301F-11D3-BF4B-00C04F79EFBC}") = "Zadanie_3.1", "Zadanie_3.1\Zadanie_3.1.csproj", "{C8D9F512-4A95-45E1-9DEB-56FF1E4FF665}"
EndProject
Project("{FAE04EC0-301F-11D3-BF4B-00C04F79EFBC}") = "Zadanie_3.2", "Zadanie_3.2\Zadanie_3.2.csproj", "{B07ED466-D528-475D-96BC-99B2446F803E}"
EndProject
Project("{FAE04EC0-301F-11D3-BF4B-00C04F79EFBC}") = "Zadanie_3.3", "Zadanie_3.3\Zadanie_3.3.csproj", "{3F43B21B-755E-4CD5-84EE-7C3DD6141BF1}"
EndProject
Project("{FAE04EC0-301F-11D3-BF4B-00C04F79EFBC}") = "Zadanie_3.4", "Zadanie_3.4\Zadanie_3.4.csproj", "{D7A261A1-91AF-4B7C-8D32-9E5286701E14}"
EndProject
Project("{FAE04EC0-301F-11D3-BF4B-00C04F79EFBC}") = "Zadanie_3.5", "Zadanie_3.5\Zadanie_3.5.csproj", "{171866A3-9F1D-455B-AFDD-2AC257E89584}"
EndProject
Project("{FAE04EC0-301F-11D3-BF4B-00C04F79EFBC}") = "Zadanie_4.1", "Zadanie_4.1\Zadanie_4.1.csproj", "{4C9FD7DE-C0A3-496E-86AC-69350DA34737}"
EndProject
Project("{FAE04EC0-301F-11D3-BF4B-00C04F79EFBC}") = "Zadanie_4.2", "Zadanie_4.2\Zadanie_4.2.csproj", "{37270215-27FC-4079-8C3E-425BDD6E0E3D}"
EndProject
Project("{FAE04EC0-301F-11D3-BF4B-00C04F79EFBC}") = "Zadanie_4.3", "Zadanie_4.3\Zadanie_4.3.csproj", "{DF6E41F1-03DB-4B22-88C2-1F9D5B5BA7DE}"
EndProject
Project("{FAE04EC0-301F-11D3-BF4B-00C04F79EFBC}") = "Zadanie_4.4", "Zadanie_4.4\Zadanie_4.4.csproj", "{B9516005-F46E-4627-A8C3-83964A31814D}"
EndProject
Project("{FAE04EC0-301F-11D3-BF4B-00C04F79EFBC}") = "Zadanie_4.5", "Zadanie_4.5\Zadanie_4.5.csproj", "{AF609606-BEB6-444B-8DD6-6CB3329C1E53}"
EndProject
Project("{FAE04EC0-301F-11D3-BF4B-00C04F79EFBC}") = "Zadanie_5.1", "Zadanie_5.1\Zadanie_5.1.csproj", "{C2720B83-373B-42A8-BD2C-DF755DE3EB3A}"
EndProject
Project("{FAE04EC0-301F-11D3-BF4B-00C04F79EFBC}") = "Zadanie_5.2", "Zadanie_5.2\Zadanie_5.2.csproj", "{030E5196-84B2-40A2-87D6-D55A45A603B3}"
EndProject
Project("{FAE04EC0-301F-11D3-BF4B-00C04F79EFBC}") = "Zadanie_5.3", "Zadanie_5.3\Zadanie_5.3.csproj", "{03EDC8B3-97B3-401C-81C6-944B38636FBC}"
EndProject
Project("{FAE04EC0-301F-11D3-BF4B-00C04F79EFBC}") = "Zadanie_5.4", "Zadanie_5.4\Zadanie_5.4.csproj", "{BB508A6C-EE35-4957-9BFF-A57A178D6221}"
EndProject
Project("{FAE04EC0-301F-11D3-BF4B-00C04F79EFBC}") = "Zadanie_5.5", "Zadanie_5.5\Zadanie_5.5.csproj", "{9D38F5FA-776B-473C-8B2A-427146317730}"
EndProject
Project("{FAE04EC0-301F-11D3-BF4B-00C04F79EFBC}") = "Zadanie_5.6", "Zadanie_5.6\Zadanie_5.6.csproj", "{3C20FE3B-0572-430E-A8FA-245AA5E6F39E}"
EndProject
Global
	GlobalSection(SolutionConfigurationPlatforms) = preSolution
		Debug|Any CPU = Debug|Any CPU
		Release|Any CPU = Release|Any CPU
	EndGlobalSection
	GlobalSection(SolutionProperties) = preSolution
		HideSolutionNode = FALSE
	EndGlobalSection
	GlobalSection(ProjectConfigurationPlatforms) = postSolution
		{A4C89F69-747D-4D11-91BC-62D34E820FB2}.Debug|Any CPU.ActiveCfg = Debug|Any CPU
		{A4C89F69-747D-4D11-91BC-62D34E820FB2}.Debug|Any CPU.Build.0 = Debug|Any CPU
		{A4C89F69-747D-4D11-91BC-62D34E820FB2}.Release|Any CPU.ActiveCfg = Release|Any CPU
		{A4C89F69-747D-4D11-91BC-62D34E820FB2}.Release|Any CPU.Build.0 = Release|Any CPU
		{5EB7302C-5BD2-48DB-A64B-E3E3A921A7C3}.Debug|Any CPU.ActiveCfg = Debug|Any CPU
		{5EB7302C-5BD2-48DB-A64B-E3E3A921A7C3}.Debug|Any CPU.Build.0 = Debug|Any CPU
		{5EB7302C-5BD2-48DB-A64B-E3E3A921A7C3}.Release|Any CPU.ActiveCfg = Release|Any CPU
		{5EB7302C-5BD2-48DB-A64B-E3E3A921A7C3}.Release|Any CPU.Build.0 = Release|Any CPU
		{746FFCAD-0B8E-40D9-9281-A670CC4E0F90}.Debug|Any CPU.ActiveCfg = Debug|Any CPU
		{746FFCAD-0B8E-40D9-9281-A670CC4E0F90}.Debug|Any CPU.Build.0 = Debug|Any CPU
		{746FFCAD-0B8E-40D9-9281-A670CC4E0F90}.Release|Any CPU.ActiveCfg = Release|Any CPU
		{746FFCAD-0B8E-40D9-9281-A670CC4E0F90}.Release|Any CPU.Build.0 = Release|Any CPU
		{BA96E731-F496-4183-983E-4D00E66F2B42}.Debug|Any CPU.ActiveCfg = Debug|Any CPU
		{BA96E731-F496-4183-983E-4D00E66F2B42}.Debug|Any CPU.Build.0 = Debug|Any CPU
		{BA96E731-F496-4183-983E-4D00E66F2B42}.Release|Any CPU.ActiveCfg = Release|Any CPU
		{BA96E731-F496-4183-983E-4D00E66F2B42}.Release|Any CPU.Build.0 = Release|Any CPU
		{1DA51EA2-766E-4357-ABDA-5630E8177520}.Debug|Any CPU.ActiveCfg = Debug|Any CPU
		{1DA51EA2-766E-4357-ABDA-5630E8177520}.Debug|Any CPU.Build.0 = Debug|Any CPU
		{1DA51EA2-766E-4357-ABDA-5630E8177520}.Release|Any CPU.ActiveCfg = Release|Any CPU
		{1DA51EA2-766E-4357-ABDA-5630E8177520}.Release|Any CPU.Build.0 = Release|Any CPU
		{708B6DFC-230F-41E4-8D97-9035AC89104E}.Debug|Any CPU.ActiveCfg = Debug|Any CPU
		{708B6DFC-230F-41E4-8D97-9035AC89104E}.Debug|Any CPU.Build.0 = Debug|Any CPU
		{708B6DFC-230F-41E4-8D97-9035AC89104E}.Release|Any CPU.ActiveCfg = Release|Any CPU
		{708B6DFC-230F-41E4-8D97-9035AC89104E}.Release|Any CPU.Build.0 = Release|Any CPU
		{F5C0C081-4C27-46F7-A09B-8BCD16BD0102}.Debug|Any CPU.ActiveCfg = Debug|Any CPU
		{F5C0C081-4C27-46F7-A09B-8BCD16BD0102}.Debug|Any CPU.Build.0 = Debug|Any CPU
		{F5C0C081-4C27-46F7-A09B-8BCD16BD0102}.Release|Any CPU.ActiveCfg = Release|Any CPU
		{F5C0C081-4C27-46F7-A09B-8BCD16BD0102}.Release|Any CPU.Build.0 = Release|Any CPU
		{C8D9F512-4A95-45E1-9DEB-56FF1E4FF665}.Debug|Any CPU.ActiveCfg = Debug|Any CPU
		{C8D9F512-4A95-45E1-9DEB-56FF1E4FF665}.Debug|Any CPU.Build.0 = Debug|Any CPU
		{C8D9F512-4A95-45E1-9DEB-56FF1E4FF665}.Release|Any CPU.ActiveCfg = Release|Any CPU
		{C8D9F512-4A95-45E1-9DEB-56FF1E4FF665}.Release|Any CPU.Build.0 = Release|Any CPU
		{B07ED466-D528-475D-96BC-99B2446F803E}.Debug|Any CPU.ActiveCfg = Debug|Any CPU
		{B07ED466-D528-475D-96BC-99B2446F803E}.Debug|Any CPU.Build.0 = Debug|Any CPU
		{B07ED466-D528-475D-96BC-99B2446F803E}.Release|Any CPU.ActiveCfg = Release|Any CPU
		{B07ED466-D528-475D-96BC-99B2446F803E}.Release|Any CPU.Build.0 = Release|Any CPU
		{3F43B21B-755E-4CD5-84EE-7C3DD6141BF1}.Debug|Any CPU.ActiveCfg = Debug|Any CPU
		{3F43B21B-755E-4CD5-84EE-7C3DD6141BF1}.Debug|Any CPU.Build.0 = Debug|Any CPU
		{3F43B21B-755E-4CD5-84EE-7C3DD6141BF1}.Release|Any CPU.ActiveCfg = Release|Any CPU
		{3F43B21B-755E-4CD5-84EE-7C3DD6141BF1}.Release|Any CPU.Build.0 = Release|Any CPU
		{D7A261A1-91AF-4B7C-8D32-9E5286701E14}.Debug|Any CPU.ActiveCfg = Debug|Any CPU
		{D7A261A1-91AF-4B7C-8D32-9E5286701E14}.Debug|Any CPU.Build.0 = Debug|Any CPU
		{D7A261A1-91AF-4B7C-8D32-9E5286701E14}.Release|Any CPU.ActiveCfg = Release|Any CPU
		{D7A261A1-91AF-4B7C-8D32-9E5286701E14}.Release|Any CPU.Build.0 = Release|Any CPU
		{171866A3-9F1D-455B-AFDD-2AC257E89584}.Debug|Any CPU.ActiveCfg = Debug|Any CPU
		{171866A3-9F1D-455B-AFDD-2AC257E89584}.Debug|Any CPU.Build.0 = Debug|Any CPU
		{171866A3-9F1D-455B-AFDD-2AC257E89584}.Release|Any CPU.ActiveCfg = Release|Any CPU
		{171866A3-9F1D-455B-AFDD-2AC257E89584}.Release|Any CPU.Build.0 = Release|Any CPU
		{4C9FD7DE-C0A3-496E-86AC-69350DA34737}.Debug|Any CPU.ActiveCfg = Debug|Any CPU
		{4C9FD7DE-C0A3-496E-86AC-69350DA34737}.Debug|Any CPU.Build.0 = Debug|Any CPU
		{4C9FD7DE-C0A3-496E-86AC-69350DA34737}.Release|Any CPU.ActiveCfg = Release|Any CPU
		{4C9FD7DE-C0A3-496E-86AC-69350DA34737}.Release|Any CPU.Build.0 = Release|Any CPU
		{37270215-27FC-4079-8C3E-425BDD6E0E3D}.Debug|Any CPU.ActiveCfg = Debug|Any CPU
		{37270215-27FC-4079-8C3E-425BDD6E0E3D}.Debug|Any CPU.Build.0 = Debug|Any CPU
		{37270215-27FC-4079-8C3E-425BDD6E0E3D}.Release|Any CPU.ActiveCfg = Release|Any CPU
		{37270215-27FC-4079-8C3E-425BDD6E0E3D}.Release|Any CPU.Build.0 = Release|Any CPU
		{DF6E41F1-03DB-4B22-88C2-1F9D5B5BA7DE}.Debug|Any CPU.ActiveCfg = Debug|Any CPU
		{DF6E41F1-03DB-4B22-88C2-1F9D5B5BA7DE}.Debug|Any CPU.Build.0 = Debug|Any CPU
		{DF6E41F1-03DB-4B22-88C2-1F9D5B5BA7DE}.Release|Any CPU.ActiveCfg = Release|Any CPU
		{DF6E41F1-03DB-4B22-88C2-1F9D5B5BA7DE}.Release|Any CPU.Build.0 = Release|Any CPU
		{B9516005-F46E-4627-A8C3-83964A31814D}.Debug|Any CPU.ActiveCfg = Debug|Any CPU
		{B9516005-F46E-4627-A8C3-83964A31814D}.Debug|Any CPU.Build.0 = Debug|Any CPU
		{B9516005-F46E-4627-A8C3-83964A31814D}.Release|Any CPU.ActiveCfg = Release|Any CPU
		{B9516005-F46E-4627-A8C3-83964A31814D}.Release|Any CPU.Build.0 = Release|Any CPU
		{AF609606-BEB6-444B-8DD6-6CB3329C1E53}.Debug|Any CPU.ActiveCfg = Debug|Any CPU
		{AF609606-BEB6-444B-8DD6-6CB3329C1E53}.Debug|Any CPU.Build.0 = Debug|Any CPU
		{AF609606-BEB6-444B-8DD6-6CB3329C1E53}.Release|Any CPU.ActiveCfg = Release|Any CPU
		{AF609606-BEB6-444B-8DD6-6CB3329C1E53}.Release|Any CPU.Build.0 = Release|Any CPU
		{C2720B83-373B-42A8-BD2C-DF755DE3EB3A}.Debug|Any CPU.ActiveCfg = Debug|Any CPU
		{C2720B83-373B-42A8-BD2C-DF755DE3EB3A}.Debug|Any CPU.Build.0 = Debug|Any CPU
		{C2720B83-373B-42A8-BD2C-DF755DE3EB3A}.Release|Any CPU.ActiveCfg = Release|Any CPU
		{C2720B83-373B-42A8-BD2C-DF755DE3EB3A}.Release|Any CPU.Build.0 = Release|Any CPU
		{030E5196-84B2-40A2-87D6-D55A45A603B3}.Debug|Any CPU.ActiveCfg = Debug|Any CPU
		{030E5196-84B2-40A2-87D6-D55A45A603B3}.Debug|Any CPU.Build.0 = Debug|Any CPU
		{030E5196-84B2-40A2-87D6-D55A45A603B3}.Release|Any CPU.ActiveCfg = Release|Any CPU
		{030E5196-84B2-40A2-87D6-D55A45A603B3}.Release|Any CPU.Build.0 = Release|Any CPU
		{03EDC8B3-97B3-401C-81C6-944B38636FBC}.Debug|Any CPU.ActiveCfg = Debug|Any CPU
		{03EDC8B3-97B3-401C-81C6-944B38636FBC}.Debug|Any CPU.Build.0 = Debug|Any CPU
		{03EDC8B3-97B3-401C-81C6-944B38636FBC}.Release|Any CPU.ActiveCfg = Release|Any CPU
		{03EDC8B3-97B3-401C-81C6-944B38636FBC}.Release|Any CPU.Build.0 = Release|Any CPU
		{BB508A6C-EE35-4957-9BFF-A57A178D6221}.Debug|Any CPU.ActiveCfg = Debug|Any CPU
		{BB508A6C-EE35-4957-9BFF-A57A178D6221}.Debug|Any CPU.Build.0 = Debug|Any CPU
		{BB508A6C-EE35-4957-9BFF-A57A178D6221}.Release|Any CPU.ActiveCfg = Release|Any CPU
		{BB508A6C-EE35-4957-9BFF-A57A178D6221}.Release|Any CPU.Build.0 = Release|Any CPU
		{9D38F5FA-776B-473C-8B2A-427146317730}.Debug|Any CPU.ActiveCfg = Debug|Any CPU
		{9D38F5FA-776B-473C-8B2A-427146317730}.Debug|Any CPU.Build.0 = Debug|Any CPU
		{9D38F5FA-776B-473C-8B2A-427146317730}.Release|Any CPU.ActiveCfg = Release|Any CPU
		{9D38F5FA-776B-473C-8B2A-427146317730}.Release|Any CPU.Build.0 = Release|Any CPU
		{3C20FE3B-0572-430E-A8FA-245AA5E6F39E}.Debug|Any CPU.ActiveCfg = Debug|Any CPU
		{3C20FE3B-0572-430E-A8FA-245AA5E6F39E}.Debug|Any CPU.Build.0 = Debug|Any CPU
		{3C20FE3B-0572-430E-A8FA-245AA5E6F39E}.Release|Any CPU.ActiveCfg = Release|Any CPU
		{3C20FE3B-0572-430E-A8FA-245AA5E6F39E}.Release|Any CPU.Build.0 = Release|Any CPU
	EndGlobalSection
EndGlobal
